
Microsoft Visual Studio Solution File, Format Version 12.00
# Visual Studio Version 17
VisualStudioVersion = 17.14.36221.1 d17.14
MinimumVisualStudioVersion = 10.0.40219.1
Project("{FAE04EC0-301F-11D3-BF4B-00C04F79EFBC}") = "LatihanInheritance", "LatihanInheritance.csproj", "{62E27E2E-85D1-4D44-823A-706A49E4AB4C}"
EndProject
Global
	GlobalSection(SolutionConfigurationPlatforms) = preSolution
		Debug|Any CPU = Debug|Any CPU
		Release|Any CPU = Release|Any CPU
	EndGlobalSection
	GlobalSection(ProjectConfigurationPlatforms) = postSolution
		{62E27E2E-85D1-4D44-823A-706A49E4AB4C}.Debug|Any CPU.ActiveCfg = Debug|Any CPU
		{62E27E2E-85D1-4D44-823A-706A49E4AB4C}.Debug|Any CPU.Build.0 = Debug|Any CPU
		{62E27E2E-85D1-4D44-823A-706A49E4AB4C}.Release|Any CPU.ActiveCfg = Release|Any CPU
		{62E27E2E-85D1-4D44-823A-706A49E4AB4C}.Release|Any CPU.Build.0 = Release|Any CPU
	EndGlobalSection
	GlobalSection(SolutionProperties) = preSolution
		HideSolutionNode = FALSE
	EndGlobalSection
	GlobalSection(ExtensibilityGlobals) = postSolution
		SolutionGuid = {351B202F-C50C-4D32-8081-AD22CAFA7CAB}
	EndGlobalSection
EndGlobal
